
Microsoft Visual Studio Solution File, Format Version 12.00
# Visual Studio Version 16
VisualStudioVersion = 16.0.30406.217
MinimumVisualStudioVersion = 10.0.40219.1
Project("{FAE04EC0-301F-11D3-BF4B-00C04F79EFBC}") = "AgendaSalas", "AgendaSalas.csproj", "{BAAC3632-DF88-40ED-94A1-D8624FBD6DB0}"
EndProject
Global
	GlobalSection(SolutionConfigurationPlatforms) = preSolution
		Debug|Any CPU = Debug|Any CPU
		Release|Any CPU = Release|Any CPU
	EndGlobalSection
	GlobalSection(ProjectConfigurationPlatforms) = postSolution
		{BAAC3632-DF88-40ED-94A1-D8624FBD6DB0}.Debug|Any CPU.ActiveCfg = Debug|Any CPU
		{BAAC3632-DF88-40ED-94A1-D8624FBD6DB0}.Debug|Any CPU.Build.0 = Debug|Any CPU
		{BAAC3632-DF88-40ED-94A1-D8624FBD6DB0}.Release|Any CPU.ActiveCfg = Release|Any CPU
		{BAAC3632-DF88-40ED-94A1-D8624FBD6DB0}.Release|Any CPU.Build.0 = Release|Any CPU
	EndGlobalSection
	GlobalSection(SolutionProperties) = preSolution
		HideSolutionNode = FALSE
	EndGlobalSection
	GlobalSection(ExtensibilityGlobals) = postSolution
		SolutionGuid = {E2C2EACD-4A0B-431C-A3CB-8F7165E329DA}
	EndGlobalSection
EndGlobal
